// !$*UTF8*$!
{
	archiveVersion = 1;
	classes = {
	};
	objectVersion = 55;
	objects = {

/* Begin PBXBuildFile section */
		4948AA532846A78B0098D54E /* Tests_iOS.swift in Sources */ = {isa = PBXBuildFile; fileRef = 4948AA522846A78B0098D54E /* Tests_iOS.swift */; };
		4948AA552846A78B0098D54E /* Tests_iOSLaunchTests.swift in Sources */ = {isa = PBXBuildFile; fileRef = 4948AA542846A78B0098D54E /* Tests_iOSLaunchTests.swift */; };
		4948AA5F2846A78B0098D54E /* Tests_macOS.swift in Sources */ = {isa = PBXBuildFile; fileRef = 4948AA5E2846A78B0098D54E /* Tests_macOS.swift */; };
		4948AA612846A78B0098D54E /* Tests_macOSLaunchTests.swift in Sources */ = {isa = PBXBuildFile; fileRef = 4948AA602846A78B0098D54E /* Tests_macOSLaunchTests.swift */; };
		4948AA622846A78B0098D54E /* DisneyMobileAppApp.swift in Sources */ = {isa = PBXBuildFile; fileRef = 4948AA3A2846A7880098D54E /* DisneyMobileAppApp.swift */; };
		4948AA632846A78B0098D54E /* DisneyMobileAppApp.swift in Sources */ = {isa = PBXBuildFile; fileRef = 4948AA3A2846A7880098D54E /* DisneyMobileAppApp.swift */; };
		4948AA642846A78B0098D54E /* ContentView.swift in Sources */ = {isa = PBXBuildFile; fileRef = 4948AA3B2846A7880098D54E /* ContentView.swift */; };
		4948AA652846A78B0098D54E /* ContentView.swift in Sources */ = {isa = PBXBuildFile; fileRef = 4948AA3B2846A7880098D54E /* ContentView.swift */; };
		4948AA662846A78B0098D54E /* Assets.xcassets in Resources */ = {isa = PBXBuildFile; fileRef = 4948AA3C2846A78B0098D54E /* Assets.xcassets */; };
		4948AA672846A78B0098D54E /* Assets.xcassets in Resources */ = {isa = PBXBuildFile; fileRef = 4948AA3C2846A78B0098D54E /* Assets.xcassets */; };
/* End PBXBuildFile section */

/* Begin PBXContainerItemProxy section */
		4948AA4F2846A78B0098D54E /* PBXContainerItemProxy */ = {
			isa = PBXContainerItemProxy;
			containerPortal = 4948AA352846A7880098D54E /* Project object */;
			proxyType = 1;
			remoteGlobalIDString = 4948AA402846A78B0098D54E;
			remoteInfo = "DisneyMobileApp (iOS)";
		};
		4948AA5B2846A78B0098D54E /* PBXContainerItemProxy */ = {
			isa = PBXContainerItemProxy;
			containerPortal = 4948AA352846A7880098D54E /* Project object */;
			proxyType = 1;
			remoteGlobalIDString = 4948AA462846A78B0098D54E;
			remoteInfo = "DisneyMobileApp (macOS)";
		};
/* End PBXContainerItemProxy section */

/* Begin PBXFileReference section */
		4948AA3A2846A7880098D54E /* DisneyMobileAppApp.swift */ = {isa = PBXFileReference; lastKnownFileType = sourcecode.swift; path = DisneyMobileAppApp.swift; sourceTree = "<group>"; };
		4948AA3B2846A7880098D54E /* ContentView.swift */ = {isa = PBXFileReference; lastKnownFileType = sourcecode.swift; path = ContentView.swift; sourceTree = "<group>"; };
		4948AA3C2846A78B0098D54E /* Assets.xcassets */ = {isa = PBXFileReference; lastKnownFileType = folder.assetcatalog; path = Assets.xcassets; sourceTree = "<group>"; };
		4948AA412846A78B0098D54E /* DisneyMobileApp.app */ = {isa = PBXFileReference; explicitFileType = wrapper.application; includeInIndex = 0; path = DisneyMobileApp.app; sourceTree = BUILT_PRODUCTS_DIR; };
		4948AA472846A78B0098D54E /* DisneyMobileApp.app */ = {isa = PBXFileReference; explicitFileType = wrapper.application; includeInIndex = 0; path = DisneyMobileApp.app; sourceTree = BUILT_PRODUCTS_DIR; };
		4948AA492846A78B0098D54E /* macOS.entitlements */ = {isa = PBXFileReference; lastKnownFileType = text.plist.entitlements; path = macOS.entitlements; sourceTree = "<group>"; };
		4948AA4E2846A78B0098D54E /* Tests iOS.xctest */ = {isa = PBXFileReference; explicitFileType = wrapper.cfbundle; includeInIndex = 0; path = "Tests iOS.xctest"; sourceTree = BUILT_PRODUCTS_DIR; };
		4948AA522846A78B0098D54E /* Tests_iOS.swift */ = {isa = PBXFileReference; lastKnownFileType = sourcecode.swift; path = Tests_iOS.swift; sourceTree = "<group>"; };
		4948AA542846A78B0098D54E /* Tests_iOSLaunchTests.swift */ = {isa = PBXFileReference; lastKnownFileType = sourcecode.swift; path = Tests_iOSLaunchTests.swift; sourceTree = "<group>"; };
		4948AA5A2846A78B0098D54E /* Tests macOS.xctest */ = {isa = PBXFileReference; explicitFileType = wrapper.cfbundle; includeInIndex = 0; path = "Tests macOS.xctest"; sourceTree = BUILT_PRODUCTS_DIR; };
		4948AA5E2846A78B0098D54E /* Tests_macOS.swift */ = {isa = PBXFileReference; lastKnownFileType = sourcecode.swift; path = Tests_macOS.swift; sourceTree = "<group>"; };
		4948AA602846A78B0098D54E /* Tests_macOSLaunchTests.swift */ = {isa = PBXFileReference; lastKnownFileType = sourcecode.swift; path = Tests_macOSLaunchTests.swift; sourceTree = "<group>"; };
/* End PBXFileReference section */

/* Begin PBXFrameworksBuildPhase section */
		4948AA3E2846A78B0098D54E /* Frameworks */ = {
			isa = PBXFrameworksBuildPhase;
			buildActionMask = 2147483647;
			files = (
			);
			runOnlyForDeploymentPostprocessing = 0;
		};
		4948AA442846A78B0098D54E /* Frameworks */ = {
			isa = PBXFrameworksBuildPhase;
			buildActionMask = 2147483647;
			files = (
			);
			runOnlyForDeploymentPostprocessing = 0;
		};
		4948AA4B2846A78B0098D54E /* Frameworks */ = {
			isa = PBXFrameworksBuildPhase;
			buildActionMask = 2147483647;
			files = (
			);
			runOnlyForDeploymentPostprocessing = 0;
		};
		4948AA572846A78B0098D54E /* Frameworks */ = {
			isa = PBXFrameworksBuildPhase;
			buildActionMask = 2147483647;
			files = (
			);
			runOnlyForDeploymentPostprocessing = 0;
		};
/* End PBXFrameworksBuildPhase section */

/* Begin PBXGroup section */
		4948AA342846A7880098D54E = {
			isa = PBXGroup;
			children = (
				4948AA392846A7880098D54E /* Shared */,
				4948AA482846A78B0098D54E /* macOS */,
				4948AA512846A78B0098D54E /* Tests iOS */,
				4948AA5D2846A78B0098D54E /* Tests macOS */,
				4948AA422846A78B0098D54E /* Products */,
			);
			sourceTree = "<group>";
		};
		4948AA392846A7880098D54E /* Shared */ = {
			isa = PBXGroup;
			children = (
				4948AA3A2846A7880098D54E /* DisneyMobileAppApp.swift */,
				4948AA3B2846A7880098D54E /* ContentView.swift */,
				4948AA3C2846A78B0098D54E /* Assets.xcassets */,
			);
			path = Shared;
			sourceTree = "<group>";
		};
		4948AA422846A78B0098D54E /* Products */ = {
			isa = PBXGroup;
			children = (
				4948AA412846A78B0098D54E /* DisneyMobileApp.app */,
				4948AA472846A78B0098D54E /* DisneyMobileApp.app */,
				4948AA4E2846A78B0098D54E /* Tests iOS.xctest */,
				4948AA5A2846A78B0098D54E /* Tests macOS.xctest */,
			);
			name = Products;
			sourceTree = "<group>";
		};
		4948AA482846A78B0098D54E /* macOS */ = {
			isa = PBXGroup;
			children = (
				4948AA492846A78B0098D54E /* macOS.entitlements */,
			);
			path = macOS;
			sourceTree = "<group>";
		};
		4948AA512846A78B0098D54E /* Tests iOS */ = {
			isa = PBXGroup;
			children = (
				4948AA522846A78B0098D54E /* Tests_iOS.swift */,
				4948AA542846A78B0098D54E /* Tests_iOSLaunchTests.swift */,
			);
			path = "Tests iOS";
			sourceTree = "<group>";
		};
		4948AA5D2846A78B0098D54E /* Tests macOS */ = {
			isa = PBXGroup;
			children = (
				4948AA5E2846A78B0098D54E /* Tests_macOS.swift */,
				4948AA602846A78B0098D54E /* Tests_macOSLaunchTests.swift */,
			);
			path = "Tests macOS";
			sourceTree = "<group>";
		};
/* End PBXGroup section */

/* Begin PBXNativeTarget section */
		4948AA402846A78B0098D54E /* DisneyMobileApp (iOS) */ = {
			isa = PBXNativeTarget;
			buildConfigurationList = 4948AA6A2846A78B0098D54E /* Build configuration list for PBXNativeTarget "DisneyMobileApp (iOS)" */;
			buildPhases = (
				4948AA3D2846A78B0098D54E /* Sources */,
				4948AA3E2846A78B0098D54E /* Frameworks */,
				4948AA3F2846A78B0098D54E /* Resources */,
			);
			buildRules = (
			);
			dependencies = (
			);
			name = "DisneyMobileApp (iOS)";
			productName = "DisneyMobileApp (iOS)";
			productReference = 4948AA412846A78B0098D54E /* DisneyMobileApp.app */;
			productType = "com.apple.product-type.application";
		};
		4948AA462846A78B0098D54E /* DisneyMobileApp (macOS) */ = {
			isa = PBXNativeTarget;
			buildConfigurationList = 4948AA6D2846A78B0098D54E /* Build configuration list for PBXNativeTarget "DisneyMobileApp (macOS)" */;
			buildPhases = (
				4948AA432846A78B0098D54E /* Sources */,
				4948AA442846A78B0098D54E /* Frameworks */,
				4948AA452846A78B0098D54E /* Resources */,
			);
			buildRules = (
			);
			dependencies = (
			);
			name = "DisneyMobileApp (macOS)";
			productName = "DisneyMobileApp (macOS)";
			productReference = 4948AA472846A78B0098D54E /* DisneyMobileApp.app */;
			productType = "com.apple.product-type.application";
		};
		4948AA4D2846A78B0098D54E /* Tests iOS */ = {
			isa = PBXNativeTarget;
			buildConfigurationList = 4948AA702846A78B0098D54E /* Build configuration list for PBXNativeTarget "Tests iOS" */;
			buildPhases = (
				4948AA4A2846A78B0098D54E /* Sources */,
				4948AA4B2846A78B0098D54E /* Frameworks */,
				4948AA4C2846A78B0098D54E /* Resources */,
			);
			buildRules = (
			);
			dependencies = (
				4948AA502846A78B0098D54E /* PBXTargetDependency */,
			);
			name = "Tests iOS";
			productName = "Tests iOS";
			productReference = 4948AA4E2846A78B0098D54E /* Tests iOS.xctest */;
			productType = "com.apple.product-type.bundle.ui-testing";
		};
		4948AA592846A78B0098D54E /* Tests macOS */ = {
			isa = PBXNativeTarget;
			buildConfigurationList = 4948AA732846A78B0098D54E /* Build configuration list for PBXNativeTarget "Tests macOS" */;
			buildPhases = (
				4948AA562846A78B0098D54E /* Sources */,
				4948AA572846A78B0098D54E /* Frameworks */,
				4948AA582846A78B0098D54E /* Resources */,
			);
			buildRules = (
			);
			dependencies = (
				4948AA5C2846A78B0098D54E /* PBXTargetDependency */,
			);
			name = "Tests macOS";
			productName = "Tests macOS";
			productReference = 4948AA5A2846A78B0098D54E /* Tests macOS.xctest */;
			productType = "com.apple.product-type.bundle.ui-testing";
		};
/* End PBXNativeTarget section */

/* Begin PBXProject section */
		4948AA352846A7880098D54E /* Project object */ = {
			isa = PBXProject;
			attributes = {
				BuildIndependentTargetsInParallel = 1;
				LastSwiftUpdateCheck = 1340;
				LastUpgradeCheck = 1340;
				TargetAttributes = {
					4948AA402846A78B0098D54E = {
						CreatedOnToolsVersion = 13.4;
					};
					4948AA462846A78B0098D54E = {
						CreatedOnToolsVersion = 13.4;
					};
					4948AA4D2846A78B0098D54E = {
						CreatedOnToolsVersion = 13.4;
						TestTargetID = 4948AA402846A78B0098D54E;
					};
					4948AA592846A78B0098D54E = {
						CreatedOnToolsVersion = 13.4;
						TestTargetID = 4948AA462846A78B0098D54E;
					};
				};
			};
			buildConfigurationList = 4948AA382846A7880098D54E /* Build configuration list for PBXProject "DisneyMobileApp" */;
			compatibilityVersion = "Xcode 13.0";
			developmentRegion = en;
			hasScannedForEncodings = 0;
			knownRegions = (
				en,
				Base,
			);
			mainGroup = 4948AA342846A7880098D54E;
			productRefGroup = 4948AA422846A78B0098D54E /* Products */;
			projectDirPath = "";
			projectRoot = "";
			targets = (
				4948AA402846A78B0098D54E /* DisneyMobileApp (iOS) */,
				4948AA462846A78B0098D54E /* DisneyMobileApp (macOS) */,
				4948AA4D2846A78B0098D54E /* Tests iOS */,
				4948AA592846A78B0098D54E /* Tests macOS */,
			);
		};
/* End PBXProject section */

/* Begin PBXResourcesBuildPhase section */
		4948AA3F2846A78B0098D54E /* Resources */ = {
			isa = PBXResourcesBuildPhase;
			buildActionMask = 2147483647;
			files = (
				4948AA662846A78B0098D54E /* Assets.xcassets in Resources */,
			);
			runOnlyForDeploymentPostprocessing = 0;
		};
		4948AA452846A78B0098D54E /* Resources */ = {
			isa = PBXResourcesBuildPhase;
			buildActionMask = 2147483647;
			files = (
				4948AA672846A78B0098D54E /* Assets.xcassets in Resources */,
			);
			runOnlyForDeploymentPostprocessing = 0;
		};
		4948AA4C2846A78B0098D54E /* Resources */ = {
			isa = PBXResourcesBuildPhase;
			buildActionMask = 2147483647;
			files = (
			);
			runOnlyForDeploymentPostprocessing = 0;
		};
		4948AA582846A78B0098D54E /* Resources */ = {
			isa = PBXResourcesBuildPhase;
			buildActionMask = 2147483647;
			files = (
			);
			runOnlyForDeploymentPostprocessing = 0;
		};
/* End PBXResourcesBuildPhase section */

/* Begin PBXSourcesBuildPhase section */
		4948AA3D2846A78B0098D54E /* Sources */ = {
			isa = PBXSourcesBuildPhase;
			buildActionMask = 2147483647;
			files = (
				4948AA642846A78B0098D54E /* ContentView.swift in Sources */,
				4948AA622846A78B0098D54E /* DisneyMobileAppApp.swift in Sources */,
			);
			runOnlyForDeploymentPostprocessing = 0;
		};
		4948AA432846A78B0098D54E /* Sources */ = {
			isa = PBXSourcesBuildPhase;
			buildActionMask = 2147483647;
			files = (
				4948AA652846A78B0098D54E /* ContentView.swift in Sources */,
				4948AA632846A78B0098D54E /* DisneyMobileAppApp.swift in Sources */,
			);
			runOnlyForDeploymentPostprocessing = 0;
		};
		4948AA4A2846A78B0098D54E /* Sources */ = {
			isa = PBXSourcesBuildPhase;
			buildActionMask = 2147483647;
			files = (
				4948AA552846A78B0098D54E /* Tests_iOSLaunchTests.swift in Sources */,
				4948AA532846A78B0098D54E /* Tests_iOS.swift in Sources */,
			);
			runOnlyForDeploymentPostprocessing = 0;
		};
		4948AA562846A78B0098D54E /* Sources */ = {
			isa = PBXSourcesBuildPhase;
			buildActionMask = 2147483647;
			files = (
				4948AA612846A78B0098D54E /* Tests_macOSLaunchTests.swift in Sources */,
				4948AA5F2846A78B0098D54E /* Tests_macOS.swift in Sources */,
			);
			runOnlyForDeploymentPostprocessing = 0;
		};
/* End PBXSourcesBuildPhase section */

/* Begin PBXTargetDependency section */
		4948AA502846A78B0098D54E /* PBXTargetDependency */ = {
			isa = PBXTargetDependency;
			target = 4948AA402846A78B0098D54E /* DisneyMobileApp (iOS) */;
			targetProxy = 4948AA4F2846A78B0098D54E /* PBXContainerItemProxy */;
		};
		4948AA5C2846A78B0098D54E /* PBXTargetDependency */ = {
			isa = PBXTargetDependency;
			target = 4948AA462846A78B0098D54E /* DisneyMobileApp (macOS) */;
			targetProxy = 4948AA5B2846A78B0098D54E /* PBXContainerItemProxy */;
		};
/* End PBXTargetDependency section */

/* Begin XCBuildConfiguration section */
		4948AA682846A78B0098D54E /* Debug */ = {
			isa = XCBuildConfiguration;
			buildSettings = {
				ALWAYS_SEARCH_USER_PATHS = NO;
				CLANG_ANALYZER_NONNULL = YES;
				CLANG_ANALYZER_NUMBER_OBJECT_CONVERSION = YES_AGGRESSIVE;
				CLANG_CXX_LANGUAGE_STANDARD = "gnu++17";
				CLANG_ENABLE_MODULES = YES;
				CLANG_ENABLE_OBJC_ARC = YES;
				CLANG_ENABLE_OBJC_WEAK = YES;
				CLANG_WARN_BLOCK_CAPTURE_AUTORELEASING = YES;
				CLANG_WARN_BOOL_CONVERSION = YES;
				CLANG_WARN_COMMA = YES;
				CLANG_WARN_CONSTANT_CONVERSION = YES;
				CLANG_WARN_DEPRECATED_OBJC_IMPLEMENTATIONS = YES;
				CLANG_WARN_DIRECT_OBJC_ISA_USAGE = YES_ERROR;
				CLANG_WARN_DOCUMENTATION_COMMENTS = YES;
				CLANG_WARN_EMPTY_BODY = YES;
				CLANG_WARN_ENUM_CONVERSION = YES;
				CLANG_WARN_INFINITE_RECURSION = YES;
				CLANG_WARN_INT_CONVERSION = YES;
				CLANG_WARN_NON_LITERAL_NULL_CONVERSION = YES;
				CLANG_WARN_OBJC_IMPLICIT_RETAIN_SELF = YES;
				CLANG_WARN_OBJC_LITERAL_CONVERSION = YES;
				CLANG_WARN_OBJC_ROOT_CLASS = YES_ERROR;
				CLANG_WARN_QUOTED_INCLUDE_IN_FRAMEWORK_HEADER = YES;
				CLANG_WARN_RANGE_LOOP_ANALYSIS = YES;
				CLANG_WARN_STRICT_PROTOTYPES = YES;
				CLANG_WARN_SUSPICIOUS_MOVE = YES;
				CLANG_WARN_UNGUARDED_AVAILABILITY = YES_AGGRESSIVE;
				CLANG_WARN_UNREACHABLE_CODE = YES;
				CLANG_WARN__DUPLICATE_METHOD_MATCH = YES;
				COPY_PHASE_STRIP = NO;
				DEBUG_INFORMATION_FORMAT = dwarf;
				ENABLE_STRICT_OBJC_MSGSEND = YES;
				ENABLE_TESTABILITY = YES;
				GCC_C_LANGUAGE_STANDARD = gnu11;
				GCC_DYNAMIC_NO_PIC = NO;
				GCC_NO_COMMON_BLOCKS = YES;
				GCC_OPTIMIZATION_LEVEL = 0;
				GCC_PREPROCESSOR_DEFINITIONS = (
					"DEBUG=1",
					"$(inherited)",
				);
				GCC_WARN_64_TO_32_BIT_CONVERSION = YES;
				GCC_WARN_ABOUT_RETURN_TYPE = YES_ERROR;
				GCC_WARN_UNDECLARED_SELECTOR = YES;
				GCC_WARN_UNINITIALIZED_AUTOS = YES_AGGRESSIVE;
				GCC_WARN_UNUSED_FUNCTION = YES;
				GCC_WARN_UNUSED_VARIABLE = YES;
				MTL_ENABLE_DEBUG_INFO = INCLUDE_SOURCE;
				MTL_FAST_MATH = YES;
				ONLY_ACTIVE_ARCH = YES;
				SWIFT_ACTIVE_COMPILATION_CONDITIONS = DEBUG;
				SWIFT_OPTIMIZATION_LEVEL = "-Onone";
			};
			name = Debug;
		};
		4948AA692846A78B0098D54E /* Release */ = {
			isa = XCBuildConfiguration;
			buildSettings = {
				ALWAYS_SEARCH_USER_PATHS = NO;
				CLANG_ANALYZER_NONNULL = YES;
				CLANG_ANALYZER_NUMBER_OBJECT_CONVERSION = YES_AGGRESSIVE;
				CLANG_CXX_LANGUAGE_STANDARD = "gnu++17";
				CLANG_ENABLE_MODULES = YES;
				CLANG_ENABLE_OBJC_ARC = YES;
				CLANG_ENABLE_OBJC_WEAK = YES;
				CLANG_WARN_BLOCK_CAPTURE_AUTORELEASING = YES;
				CLANG_WARN_BOOL_CONVERSION = YES;
				CLANG_WARN_COMMA = YES;
				CLANG_WARN_CONSTANT_CONVERSION = YES;
				CLANG_WARN_DEPRECATED_OBJC_IMPLEMENTATIONS = YES;
				CLANG_WARN_DIRECT_OBJC_ISA_USAGE = YES_ERROR;
				CLANG_WARN_DOCUMENTATION_COMMENTS = YES;
				CLANG_WARN_EMPTY_BODY = YES;
				CLANG_WARN_ENUM_CONVERSION = YES;
				CLANG_WARN_INFINITE_RECURSION = YES;
				CLANG_WARN_INT_CONVERSION = YES;
				CLANG_WARN_NON_LITERAL_NULL_CONVERSION = YES;
				CLANG_WARN_OBJC_IMPLICIT_RETAIN_SELF = YES;
				CLANG_WARN_OBJC_LITERAL_CONVERSION = YES;
				CLANG_WARN_OBJC_ROOT_CLASS = YES_ERROR;
				CLANG_WARN_QUOTED_INCLUDE_IN_FRAMEWORK_HEADER = YES;
				CLANG_WARN_RANGE_LOOP_ANALYSIS = YES;
				CLANG_WARN_STRICT_PROTOTYPES = YES;
				CLANG_WARN_SUSPICIOUS_MOVE = YES;
				CLANG_WARN_UNGUARDED_AVAILABILITY = YES_AGGRESSIVE;
				CLANG_WARN_UNREACHABLE_CODE = YES;
				CLANG_WARN__DUPLICATE_METHOD_MATCH = YES;
				COPY_PHASE_STRIP = NO;
				DEBUG_INFORMATION_FORMAT = "dwarf-with-dsym";
				ENABLE_NS_ASSERTIONS = NO;
				ENABLE_STRICT_OBJC_MSGSEND = YES;
				GCC_C_LANGUAGE_STANDARD = gnu11;
				GCC_NO_COMMON_BLOCKS = YES;
				GCC_WARN_64_TO_32_BIT_CONVERSION = YES;
				GCC_WARN_ABOUT_RETURN_TYPE = YES_ERROR;
				GCC_WARN_UNDECLARED_SELECTOR = YES;
				GCC_WARN_UNINITIALIZED_AUTOS = YES_AGGRESSIVE;
				GCC_WARN_UNUSED_FUNCTION = YES;
				GCC_WARN_UNUSED_VARIABLE = YES;
				MTL_ENABLE_DEBUG_INFO = NO;
				MTL_FAST_MATH = YES;
				SWIFT_COMPILATION_MODE = wholemodule;
				SWIFT_OPTIMIZATION_LEVEL = "-O";
			};
			name = Release;
		};
		4948AA6B2846A78B0098D54E /* Debug */ = {
			isa = XCBuildConfiguration;
			buildSettings = {
				ASSETCATALOG_COMPILER_APPICON_NAME = AppIcon;
				ASSETCATALOG_COMPILER_GLOBAL_ACCENT_COLOR_NAME = AccentColor;
				CODE_SIGN_STYLE = Automatic;
				CURRENT_PROJECT_VERSION = 1;
				DEVELOPMENT_TEAM = M5M8HHWE22;
				ENABLE_PREVIEWS = YES;
				GENERATE_INFOPLIST_FILE = YES;
				INFOPLIST_KEY_UIApplicationSceneManifest_Generation = YES;
				INFOPLIST_KEY_UIApplicationSupportsIndirectInputEvents = YES;
				INFOPLIST_KEY_UILaunchScreen_Generation = YES;
				INFOPLIST_KEY_UISupportedInterfaceOrientations_iPad = "UIInterfaceOrientationPortrait UIInterfaceOrientationPortraitUpsideDown UIInterfaceOrientationLandscapeLeft UIInterfaceOrientationLandscapeRight";
				INFOPLIST_KEY_UISupportedInterfaceOrientations_iPhone = "UIInterfaceOrientationPortrait UIInterfaceOrientationLandscapeLeft UIInterfaceOrientationLandscapeRight";
				IPHONEOS_DEPLOYMENT_TARGET = 15.5;
				LD_RUNPATH_SEARCH_PATHS = (
					"$(inherited)",
					"@executable_path/Frameworks",
				);
				MARKETING_VERSION = 1.0;
				PRODUCT_BUNDLE_IDENTIFIER = com.AndrewWilliamson.DisneyMobileApp;
				PRODUCT_NAME = DisneyMobileApp;
				SDKROOT = iphoneos;
				SWIFT_EMIT_LOC_STRINGS = YES;
				SWIFT_VERSION = 5.0;
				TARGETED_DEVICE_FAMILY = "1,2";
			};
			name = Debug;
		};
		4948AA6C2846A78B0098D54E /* Release */ = {
			isa = XCBuildConfiguration;
			buildSettings = {
				ASSETCATALOG_COMPILER_APPICON_NAME = AppIcon;
				ASSETCATALOG_COMPILER_GLOBAL_ACCENT_COLOR_NAME = AccentColor;
				CODE_SIGN_STYLE = Automatic;
				CURRENT_PROJECT_VERSION = 1;
				DEVELOPMENT_TEAM = M5M8HHWE22;
				ENABLE_PREVIEWS = YES;
				GENERATE_INFOPLIST_FILE = YES;
				INFOPLIST_KEY_UIApplicationSceneManifest_Generation = YES;
				INFOPLIST_KEY_UIApplicationSupportsIndirectInputEvents = YES;
				INFOPLIST_KEY_UILaunchScreen_Generation = YES;
				INFOPLIST_KEY_UISupportedInterfaceOrientations_iPad = "UIInterfaceOrientationPortrait UIInterfaceOrientationPortraitUpsideDown UIInterfaceOrientationLandscapeLeft UIInterfaceOrientationLandscapeRight";
				INFOPLIST_KEY_UISupportedInterfaceOrientations_iPhone = "UIInterfaceOrientationPortrait UIInterfaceOrientationLandscapeLeft UIInterfaceOrientationLandscapeRight";
				IPHONEOS_DEPLOYMENT_TARGET = 15.5;
				LD_RUNPATH_SEARCH_PATHS = (
					"$(inherited)",
					"@executable_path/Frameworks",
				);
				MARKETING_VERSION = 1.0;
				PRODUCT_BUNDLE_IDENTIFIER = com.AndrewWilliamson.DisneyMobileApp;
				PRODUCT_NAME = DisneyMobileApp;
				SDKROOT = iphoneos;
				SWIFT_EMIT_LOC_STRINGS = YES;
				SWIFT_VERSION = 5.0;
				TARGETED_DEVICE_FAMILY = "1,2";
				VALIDATE_PRODUCT = YES;
			};
			name = Release;
		};
		4948AA6E2846A78B0098D54E /* Debug */ = {
			isa = XCBuildConfiguration;
			buildSettings = {
				ASSETCATALOG_COMPILER_APPICON_NAME = AppIcon;
				ASSETCATALOG_COMPILER_GLOBAL_ACCENT_COLOR_NAME = AccentColor;
				CODE_SIGN_ENTITLEMENTS = macOS/macOS.entitlements;
				CODE_SIGN_STYLE = Automatic;
				COMBINE_HIDPI_IMAGES = YES;
				CURRENT_PROJECT_VERSION = 1;
				DEVELOPMENT_TEAM = M5M8HHWE22;
				ENABLE_HARDENED_RUNTIME = YES;
				ENABLE_PREVIEWS = YES;
				GENERATE_INFOPLIST_FILE = YES;
				INFOPLIST_KEY_NSHumanReadableCopyright = "";
				LD_RUNPATH_SEARCH_PATHS = (
					"$(inherited)",
					"@executable_path/../Frameworks",
				);
				MACOSX_DEPLOYMENT_TARGET = 12.3;
				MARKETING_VERSION = 1.0;
				PRODUCT_BUNDLE_IDENTIFIER = com.AndrewWilliamson.DisneyMobileApp;
				PRODUCT_NAME = DisneyMobileApp;
				SDKROOT = macosx;
				SWIFT_EMIT_LOC_STRINGS = YES;
				SWIFT_VERSION = 5.0;
			};
			name = Debug;
		};
		4948AA6F2846A78B0098D54E /* Release */ = {
			isa = XCBuildConfiguration;
			buildSettings = {
				ASSETCATALOG_COMPILER_APPICON_NAME = AppIcon;
				ASSETCATALOG_COMPILER_GLOBAL_ACCENT_COLOR_NAME = AccentColor;
				CODE_SIGN_ENTITLEMENTS = macOS/macOS.entitlements;
				CODE_SIGN_STYLE = Automatic;
				COMBINE_HIDPI_IMAGES = YES;
				CURRENT_PROJECT_VERSION = 1;
				DEVELOPMENT_TEAM = M5M8HHWE22;
				ENABLE_HARDENED_RUNTIME = YES;
				ENABLE_PREVIEWS = YES;
				GENERATE_INFOPLIST_FILE = YES;
				INFOPLIST_KEY_NSHumanReadableCopyright = "";
				LD_RUNPATH_SEARCH_PATHS = (
					"$(inherited)",
					"@executable_path/../Frameworks",
				);
				MACOSX_DEPLOYMENT_TARGET = 12.3;
				MARKETING_VERSION = 1.0;
				PRODUCT_BUNDLE_IDENTIFIER = com.AndrewWilliamson.DisneyMobileApp;
				PRODUCT_NAME = DisneyMobileApp;
				SDKROOT = macosx;
				SWIFT_EMIT_LOC_STRINGS = YES;
				SWIFT_VERSION = 5.0;
			};
			name = Release;
		};
		4948AA712846A78B0098D54E /* Debug */ = {
			isa = XCBuildConfiguration;
			buildSettings = {
				ALWAYS_EMBED_SWIFT_STANDARD_LIBRARIES = YES;
				CODE_SIGN_STYLE = Automatic;
				CURRENT_PROJECT_VERSION = 1;
				DEVELOPMENT_TEAM = M5M8HHWE22;
				GENERATE_INFOPLIST_FILE = YES;
				IPHONEOS_DEPLOYMENT_TARGET = 15.5;
				MARKETING_VERSION = 1.0;
				PRODUCT_BUNDLE_IDENTIFIER = "com.AndrewWilliamson.Tests-iOS";
				PRODUCT_NAME = "$(TARGET_NAME)";
				SDKROOT = iphoneos;
				SWIFT_EMIT_LOC_STRINGS = NO;
				SWIFT_VERSION = 5.0;
				TARGETED_DEVICE_FAMILY = "1,2";
				TEST_TARGET_NAME = "DisneyMobileApp (iOS)";
			};
			name = Debug;
		};
		4948AA722846A78B0098D54E /* Release */ = {
			isa = XCBuildConfiguration;
			buildSettings = {
				ALWAYS_EMBED_SWIFT_STANDARD_LIBRARIES = YES;
				CODE_SIGN_STYLE = Automatic;
				CURRENT_PROJECT_VERSION = 1;
				DEVELOPMENT_TEAM = M5M8HHWE22;
				GENERATE_INFOPLIST_FILE = YES;
				IPHONEOS_DEPLOYMENT_TARGET = 15.5;
				MARKETING_VERSION = 1.0;
				PRODUCT_BUNDLE_IDENTIFIER = "com.AndrewWilliamson.Tests-iOS";
				PRODUCT_NAME = "$(TARGET_NAME)";
				SDKROOT = iphoneos;
				SWIFT_EMIT_LOC_STRINGS = NO;
				SWIFT_VERSION = 5.0;
				TARGETED_DEVICE_FAMILY = "1,2";
				TEST_TARGET_NAME = "DisneyMobileApp (iOS)";
				VALIDATE_PRODUCT = YES;
			};
			name = Release;
		};
		4948AA742846A78B0098D54E /* Debug */ = {
			isa = XCBuildConfiguration;
			buildSettings = {
				ALWAYS_EMBED_SWIFT_STANDARD_LIBRARIES = YES;
				CODE_SIGN_STYLE = Automatic;
				CURRENT_PROJECT_VERSION = 1;
				DEVELOPMENT_TEAM = M5M8HHWE22;
				GENERATE_INFOPLIST_FILE = YES;
				MACOSX_DEPLOYMENT_TARGET = 12.3;
				MARKETING_VERSION = 1.0;
				PRODUCT_BUNDLE_IDENTIFIER = "com.AndrewWilliamson.Tests-macOS";
				PRODUCT_NAME = "$(TARGET_NAME)";
				SDKROOT = macosx;
				SWIFT_EMIT_LOC_STRINGS = NO;
				SWIFT_VERSION = 5.0;
				TEST_TARGET_NAME = "DisneyMobileApp (macOS)";
			};
			name = Debug;
		};
		4948AA752846A78B0098D54E /* Release */ = {
			isa = XCBuildConfiguration;
			buildSettings = {
				ALWAYS_EMBED_SWIFT_STANDARD_LIBRARIES = YES;
				CODE_SIGN_STYLE = Automatic;
				CURRENT_PROJECT_VERSION = 1;
				DEVELOPMENT_TEAM = M5M8HHWE22;
				GENERATE_INFOPLIST_FILE = YES;
				MACOSX_DEPLOYMENT_TARGET = 12.3;
				MARKETING_VERSION = 1.0;
				PRODUCT_BUNDLE_IDENTIFIER = "com.AndrewWilliamson.Tests-macOS";
				PRODUCT_NAME = "$(TARGET_NAME)";
				SDKROOT = macosx;
				SWIFT_EMIT_LOC_STRINGS = NO;
				SWIFT_VERSION = 5.0;
				TEST_TARGET_NAME = "DisneyMobileApp (macOS)";
			};
			name = Release;
		};
/* End XCBuildConfiguration section */

/* Begin XCConfigurationList section */
		4948AA382846A7880098D54E /* Build configuration list for PBXProject "DisneyMobileApp" */ = {
			isa = XCConfigurationList;
			buildConfigurations = (
				4948AA682846A78B0098D54E /* Debug */,
				4948AA692846A78B0098D54E /* Release */,
			);
			defaultConfigurationIsVisible = 0;
			defaultConfigurationName = Release;
		};
		4948AA6A2846A78B0098D54E /* Build configuration list for PBXNativeTarget "DisneyMobileApp (iOS)" */ = {
			isa = XCConfigurationList;
			buildConfigurations = (
				4948AA6B2846A78B0098D54E /* Debug */,
				4948AA6C2846A78B0098D54E /* Release */,
			);
			defaultConfigurationIsVisible = 0;
			defaultConfigurationName = Release;
		};
		4948AA6D2846A78B0098D54E /* Build configuration list for PBXNativeTarget "DisneyMobileApp (macOS)" */ = {
			isa = XCConfigurationList;
			buildConfigurations = (
				4948AA6E2846A78B0098D54E /* Debug */,
				4948AA6F2846A78B0098D54E /* Release */,
			);
			defaultConfigurationIsVisible = 0;
			defaultConfigurationName = Release;
		};
		4948AA702846A78B0098D54E /* Build configuration list for PBXNativeTarget "Tests iOS" */ = {
			isa = XCConfigurationList;
			buildConfigurations = (
				4948AA712846A78B0098D54E /* Debug */,
				4948AA722846A78B0098D54E /* Release */,
			);
			defaultConfigurationIsVisible = 0;
			defaultConfigurationName = Release;
		};
		4948AA732846A78B0098D54E /* Build configuration list for PBXNativeTarget "Tests macOS" */ = {
			isa = XCConfigurationList;
			buildConfigurations = (
				4948AA742846A78B0098D54E /* Debug */,
				4948AA752846A78B0098D54E /* Release */,
			);
			defaultConfigurationIsVisible = 0;
			defaultConfigurationName = Release;
		};
/* End XCConfigurationList section */
	};
	rootObject = 4948AA352846A7880098D54E /* Project object */;
}
